
Microsoft Visual Studio Solution File, Format Version 12.00
# Visual Studio Version 17
VisualStudioVersion = 17.3.32804.467
MinimumVisualStudioVersion = 10.0.40219.1
Project("{8BC9CEB8-8B4A-11D0-8D11-00A0C91BC942}") = "plagiarism_system", "plagiarism_system.vcxproj", "{D4DDFD2E-BBEB-4F73-9521-8EA8EB183AC9}"
EndProject
Project("{8BC9CEB8-8B4A-11D0-8D11-00A0C91BC942}") = "plagiarism_system_test", "..\plagiarism_system_test\plagiarism_system_test.vcxproj", "{9BD511DF-DDF9-4EAC-9BA8-F6C890390022}"
EndProject
Project("{8BC9CEB8-8B4A-11D0-8D11-00A0C91BC942}") = "Similarity", "..\Similarity\Similarity.vcxproj", "{9C34223D-24F3-41E3-BEF1-91CCF2B49DFB}"
EndProject
Global
	GlobalSection(SolutionConfigurationPlatforms) = preSolution
		Debug|x64 = Debug|x64
		Debug|x86 = Debug|x86
		Release|x64 = Release|x64
		Release|x86 = Release|x86
	EndGlobalSection
	GlobalSection(ProjectConfigurationPlatforms) = postSolution
		{D4DDFD2E-BBEB-4F73-9521-8EA8EB183AC9}.Debug|x64.ActiveCfg = Debug|x64
		{D4DDFD2E-BBEB-4F73-9521-8EA8EB183AC9}.Debug|x64.Build.0 = Debug|x64
		{D4DDFD2E-BBEB-4F73-9521-8EA8EB183AC9}.Debug|x86.ActiveCfg = Debug|Win32
		{D4DDFD2E-BBEB-4F73-9521-8EA8EB183AC9}.Debug|x86.Build.0 = Debug|Win32
		{D4DDFD2E-BBEB-4F73-9521-8EA8EB183AC9}.Release|x64.ActiveCfg = Release|x64
		{D4DDFD2E-BBEB-4F73-9521-8EA8EB183AC9}.Release|x64.Build.0 = Release|x64
		{D4DDFD2E-BBEB-4F73-9521-8EA8EB183AC9}.Release|x86.ActiveCfg = Release|Win32
		{D4DDFD2E-BBEB-4F73-9521-8EA8EB183AC9}.Release|x86.Build.0 = Release|Win32
		{9BD511DF-DDF9-4EAC-9BA8-F6C890390022}.Debug|x64.ActiveCfg = Debug|x64
		{9BD511DF-DDF9-4EAC-9BA8-F6C890390022}.Debug|x64.Build.0 = Debug|x64
		{9BD511DF-DDF9-4EAC-9BA8-F6C890390022}.Debug|x86.ActiveCfg = Debug|Win32
		{9BD511DF-DDF9-4EAC-9BA8-F6C890390022}.Debug|x86.Build.0 = Debug|Win32
		{9BD511DF-DDF9-4EAC-9BA8-F6C890390022}.Release|x64.ActiveCfg = Release|x64
		{9BD511DF-DDF9-4EAC-9BA8-F6C890390022}.Release|x64.Build.0 = Release|x64
		{9BD511DF-DDF9-4EAC-9BA8-F6C890390022}.Release|x86.ActiveCfg = Release|Win32
		{9BD511DF-DDF9-4EAC-9BA8-F6C890390022}.Release|x86.Build.0 = Release|Win32
		{9C34223D-24F3-41E3-BEF1-91CCF2B49DFB}.Debug|x64.ActiveCfg = Debug|x64
		{9C34223D-24F3-41E3-BEF1-91CCF2B49DFB}.Debug|x64.Build.0 = Debug|x64
		{9C34223D-24F3-41E3-BEF1-91CCF2B49DFB}.Debug|x86.ActiveCfg = Debug|Win32
		{9C34223D-24F3-41E3-BEF1-91CCF2B49DFB}.Debug|x86.Build.0 = Debug|Win32
		{9C34223D-24F3-41E3-BEF1-91CCF2B49DFB}.Release|x64.ActiveCfg = Release|x64
		{9C34223D-24F3-41E3-BEF1-91CCF2B49DFB}.Release|x64.Build.0 = Release|x64
		{9C34223D-24F3-41E3-BEF1-91CCF2B49DFB}.Release|x86.ActiveCfg = Release|Win32
		{9C34223D-24F3-41E3-BEF1-91CCF2B49DFB}.Release|x86.Build.0 = Release|Win32
	EndGlobalSection
	GlobalSection(SolutionProperties) = preSolution
		HideSolutionNode = FALSE
	EndGlobalSection
	GlobalSection(ExtensibilityGlobals) = postSolution
		SolutionGuid = {DAD99629-2B9F-48BE-9CB3-EC2A471137E6}
	EndGlobalSection
EndGlobal
